Microsoft Visual Studio Solution File, Format Version 12.00
# Visual Studio Version 17
VisualStudioVersion = 17.5.2.0
MinimumVisualStudioVersion = 10.0.40219.1
Project("{FAE04EC0-301F-11D3-BF4B-00C04F79EFBC}") = "practiceC#", "practiceC#.csproj", "{ACA81C9E-19A9-5A22-9FA2-FF26832411BE}"
EndProject
Global
	GlobalSection(SolutionConfigurationPlatforms) = preSolution
		Debug|Any CPU = Debug|Any CPU
		Release|Any CPU = Release|Any CPU
	EndGlobalSection
	GlobalSection(ProjectConfigurationPlatforms) = postSolution
		{ACA81C9E-19A9-5A22-9FA2-FF26832411BE}.Debug|Any CPU.ActiveCfg = Debug|Any CPU
		{ACA81C9E-19A9-5A22-9FA2-FF26832411BE}.Debug|Any CPU.Build.0 = Debug|Any CPU
		{ACA81C9E-19A9-5A22-9FA2-FF26832411BE}.Release|Any CPU.ActiveCfg = Release|Any CPU
		{ACA81C9E-19A9-5A22-9FA2-FF26832411BE}.Release|Any CPU.Build.0 = Release|Any CPU
	EndGlobalSection
	GlobalSection(SolutionProperties) = preSolution
		HideSolutionNode = FALSE
	EndGlobalSection
	GlobalSection(ExtensibilityGlobals) = postSolution
		SolutionGuid = {AB8FA520-0611-42E5-AC61-8FE14C9F6D5D}
	EndGlobalSection
EndGlobal
